Microsoft Visual Studio Solution File, Format Version 12.00
# Visual Studio Version 17
VisualStudioVersion = 17.5.2.0
MinimumVisualStudioVersion = 10.0.40219.1
Project("{FAE04EC0-301F-11D3-BF4B-00C04F79EFBC}") = "CidadeMelhorApi", "CidadeMelhorApi.csproj", "{8AA4F9C2-D581-3E39-DEFF-0DCE8CDCBB78}"
EndProject
Global
	GlobalSection(SolutionConfigurationPlatforms) = preSolution
		Debug|Any CPU = Debug|Any CPU
		Release|Any CPU = Release|Any CPU
	EndGlobalSection
	GlobalSection(ProjectConfigurationPlatforms) = postSolution
		{8AA4F9C2-D581-3E39-DEFF-0DCE8CDCBB78}.Debug|Any CPU.ActiveCfg = Debug|Any CPU
		{8AA4F9C2-D581-3E39-DEFF-0DCE8CDCBB78}.Debug|Any CPU.Build.0 = Debug|Any CPU
		{8AA4F9C2-D581-3E39-DEFF-0DCE8CDCBB78}.Release|Any CPU.ActiveCfg = Release|Any CPU
		{8AA4F9C2-D581-3E39-DEFF-0DCE8CDCBB78}.Release|Any CPU.Build.0 = Release|Any CPU
	EndGlobalSection
	GlobalSection(SolutionProperties) = preSolution
		HideSolutionNode = FALSE
	EndGlobalSection
	GlobalSection(ExtensibilityGlobals) = postSolution
		SolutionGuid = {A73BB6BA-BC83-4E7F-8384-E345FBF0D2DC}
	EndGlobalSection
EndGlobal
